
Microsoft Visual Studio Solution File, Format Version 12.00
# Visual Studio Version 17
VisualStudioVersion = 17.11.35431.28
MinimumVisualStudioVersion = 10.0.40219.1
Project("{FAE04EC0-301F-11D3-BF4B-00C04F79EFBC}") = "DoWell", "DoWell.csproj", "{BBD66B18-3550-47FF-A09E-802AF6D8E4B2}"
EndProject
Global
	GlobalSection(SolutionConfigurationPlatforms) = preSolution
		Debug|Any CPU = Debug|Any CPU
		Release|Any CPU = Release|Any CPU
	EndGlobalSection
	GlobalSection(ProjectConfigurationPlatforms) = postSolution
		{BBD66B18-3550-47FF-A09E-802AF6D8E4B2}.Debug|Any CPU.ActiveCfg = Debug|Any CPU
		{BBD66B18-3550-47FF-A09E-802AF6D8E4B2}.Debug|Any CPU.Build.0 = Debug|Any CPU
		{BBD66B18-3550-47FF-A09E-802AF6D8E4B2}.Release|Any CPU.ActiveCfg = Release|Any CPU
		{BBD66B18-3550-47FF-A09E-802AF6D8E4B2}.Release|Any CPU.Build.0 = Release|Any CPU
	EndGlobalSection
	GlobalSection(SolutionProperties) = preSolution
		HideSolutionNode = FALSE
	EndGlobalSection
	GlobalSection(ExtensibilityGlobals) = postSolution
		SolutionGuid = {CB10ED33-460B-4092-B258-7CC1CFAE4B02}
	EndGlobalSection
EndGlobal
